
Microsoft Visual Studio Solution File, Format Version 12.00
# Visual Studio 14
VisualStudioVersion = 14.0.23107.0
MinimumVisualStudioVersion = 10.0.40219.1
Project("{FAE04EC0-301F-11D3-BF4B-00C04F79EFBC}") = "WebApplication16", "WebApplication16\WebApplication16.csproj", "{2F1A527F-F6C3-4498-B0F6-34F819B4796B}"
EndProject
Global
	GlobalSection(SolutionConfigurationPlatforms) = preSolution
		Debug|Any CPU = Debug|Any CPU
		Release|Any CPU = Release|Any CPU
	EndGlobalSection
	GlobalSection(ProjectConfigurationPlatforms) = postSolution
		{2F1A527F-F6C3-4498-B0F6-34F819B4796B}.Debug|Any CPU.ActiveCfg = Debug|Any CPU
		{2F1A527F-F6C3-4498-B0F6-34F819B4796B}.Debug|Any CPU.Build.0 = Debug|Any CPU
		{2F1A527F-F6C3-4498-B0F6-34F819B4796B}.Release|Any CPU.ActiveCfg = Release|Any CPU
		{2F1A527F-F6C3-4498-B0F6-34F819B4796B}.Release|Any CPU.Build.0 = Release|Any CPU
	EndGlobalSection
	GlobalSection(SolutionProperties) = preSolution
		HideSolutionNode = FALSE
	EndGlobalSection
EndGlobal
